
Microsoft Visual Studio Solution File, Format Version 11.00
# Visual Studio 2010
Project("{FAE04EC0-301F-11D3-BF4B-00C04F79EFBC}") = "UnityEngine.TestRunner", "UnityEngine.TestRunner.csproj", "{4c611c85-04e6-07fa-4645-199493cc48fc}"
EndProject
Project("{FAE04EC0-301F-11D3-BF4B-00C04F79EFBC}") = "Unity.Timeline", "Unity.Timeline.csproj", "{00696e8d-2dee-cb3c-a70d-b3b945b5c709}"
EndProject
Project("{FAE04EC0-301F-11D3-BF4B-00C04F79EFBC}") = "UnityEngine.UI", "UnityEngine.UI.csproj", "{7a7423df-7165-a787-1e9b-484031b203ce}"
EndProject
Project("{FAE04EC0-301F-11D3-BF4B-00C04F79EFBC}") = "Unity.TextMeshPro", "Unity.TextMeshPro.csproj", "{d1674600-7c35-10b3-0d12-5bd7f4dbaa77}"
EndProject
Project("{FAE04EC0-301F-11D3-BF4B-00C04F79EFBC}") = "Assembly-CSharp", "Assembly-CSharp.csproj", "{b15b6531-6232-c4de-49d8-dd3dd883fd2a}"
EndProject
Project("{FAE04EC0-301F-11D3-BF4B-00C04F79EFBC}") = "Assembly-CSharp-firstpass", "Assembly-CSharp-firstpass.csproj", "{59e76383-9171-611f-7bb5-e63f51d0eb36}"
EndProject
Project("{FAE04EC0-301F-11D3-BF4B-00C04F79EFBC}") = "UnityEditor.TestRunner", "UnityEditor.TestRunner.csproj", "{8d6637f0-50d5-89ac-5628-5e05e387d346}"
EndProject
Project("{FAE04EC0-301F-11D3-BF4B-00C04F79EFBC}") = "Unity.PlasticSCM.Editor", "Unity.PlasticSCM.Editor.csproj", "{afd991fd-0f7f-2fdc-04a8-17b6e51f1d44}"
EndProject
Project("{FAE04EC0-301F-11D3-BF4B-00C04F79EFBC}") = "UnityEditor.UI", "UnityEditor.UI.csproj", "{b045aaf9-a6a8-2720-2bec-462dd010e198}"
EndProject
Project("{FAE04EC0-301F-11D3-BF4B-00C04F79EFBC}") = "Unity.Services.Core.Editor", "Unity.Services.Core.Editor.csproj", "{584ce0b1-4d1f-7258-19d9-6b04c0d08fff}"
EndProject
Project("{FAE04EC0-301F-11D3-BF4B-00C04F79EFBC}") = "Unity.Timeline.Editor", "Unity.Timeline.Editor.csproj", "{8a65c64a-13dd-806c-a4c2-ce2e17f870e3}"
EndProject
Project("{FAE04EC0-301F-11D3-BF4B-00C04F79EFBC}") = "Unity.VisualStudio.Editor", "Unity.VisualStudio.Editor.csproj", "{53b548f6-8263-f1fa-f88e-0cb73de7bd56}"
EndProject
Project("{FAE04EC0-301F-11D3-BF4B-00C04F79EFBC}") = "Unity.TextMeshPro.Editor", "Unity.TextMeshPro.Editor.csproj", "{dc5a7848-604e-1860-9d8c-443c27fecf6b}"
EndProject
Project("{FAE04EC0-301F-11D3-BF4B-00C04F79EFBC}") = "Unity.CollabProxy.Editor", "Unity.CollabProxy.Editor.csproj", "{5a99e0c8-719c-0ba0-e8a5-1fdb29615b48}"
EndProject
Project("{FAE04EC0-301F-11D3-BF4B-00C04F79EFBC}") = "Unity.Rider.Editor", "Unity.Rider.Editor.csproj", "{56e5ab95-b18f-06cd-601b-2184b8f3ca4b}"
EndProject
Project("{FAE04EC0-301F-11D3-BF4B-00C04F79EFBC}") = "Unity.VSCode.Editor", "Unity.VSCode.Editor.csproj", "{187354e9-e6d8-e278-0e31-268ce35c9359}"
EndProject
Project("{FAE04EC0-301F-11D3-BF4B-00C04F79EFBC}") = "Assembly-CSharp-Editor", "Assembly-CSharp-Editor.csproj", "{0c568909-7fa4-006f-e246-6885b2f67cbc}"
EndProject
Global
	GlobalSection(SolutionConfigurationPlatforms) = preSolution
		Debug|Any CPU = Debug|Any CPU
	EndGlobalSection
	GlobalSection(ProjectConfigurationPlatforms) = postSolution
		{4c611c85-04e6-07fa-4645-199493cc48fc}.Debug|Any CPU.ActiveCfg = Debug|Any CPU
		{4c611c85-04e6-07fa-4645-199493cc48fc}.Debug|Any CPU.Build.0 = Debug|Any CPU
		{00696e8d-2dee-cb3c-a70d-b3b945b5c709}.Debug|Any CPU.ActiveCfg = Debug|Any CPU
		{00696e8d-2dee-cb3c-a70d-b3b945b5c709}.Debug|Any CPU.Build.0 = Debug|Any CPU
		{7a7423df-7165-a787-1e9b-484031b203ce}.Debug|Any CPU.ActiveCfg = Debug|Any CPU
		{7a7423df-7165-a787-1e9b-484031b203ce}.Debug|Any CPU.Build.0 = Debug|Any CPU
		{d1674600-7c35-10b3-0d12-5bd7f4dbaa77}.Debug|Any CPU.ActiveCfg = Debug|Any CPU
		{d1674600-7c35-10b3-0d12-5bd7f4dbaa77}.Debug|Any CPU.Build.0 = Debug|Any CPU
		{b15b6531-6232-c4de-49d8-dd3dd883fd2a}.Debug|Any CPU.ActiveCfg = Debug|Any CPU
		{b15b6531-6232-c4de-49d8-dd3dd883fd2a}.Debug|Any CPU.Build.0 = Debug|Any CPU
		{59e76383-9171-611f-7bb5-e63f51d0eb36}.Debug|Any CPU.ActiveCfg = Debug|Any CPU
		{59e76383-9171-611f-7bb5-e63f51d0eb36}.Debug|Any CPU.Build.0 = Debug|Any CPU
		{8d6637f0-50d5-89ac-5628-5e05e387d346}.Debug|Any CPU.ActiveCfg = Debug|Any CPU
		{8d6637f0-50d5-89ac-5628-5e05e387d346}.Debug|Any CPU.Build.0 = Debug|Any CPU
		{afd991fd-0f7f-2fdc-04a8-17b6e51f1d44}.Debug|Any CPU.ActiveCfg = Debug|Any CPU
		{afd991fd-0f7f-2fdc-04a8-17b6e51f1d44}.Debug|Any CPU.Build.0 = Debug|Any CPU
		{b045aaf9-a6a8-2720-2bec-462dd010e198}.Debug|Any CPU.ActiveCfg = Debug|Any CPU
		{b045aaf9-a6a8-2720-2bec-462dd010e198}.Debug|Any CPU.Build.0 = Debug|Any CPU
		{584ce0b1-4d1f-7258-19d9-6b04c0d08fff}.Debug|Any CPU.ActiveCfg = Debug|Any CPU
		{584ce0b1-4d1f-7258-19d9-6b04c0d08fff}.Debug|Any CPU.Build.0 = Debug|Any CPU
		{8a65c64a-13dd-806c-a4c2-ce2e17f870e3}.Debug|Any CPU.ActiveCfg = Debug|Any CPU
		{8a65c64a-13dd-806c-a4c2-ce2e17f870e3}.Debug|Any CPU.Build.0 = Debug|Any CPU
		{53b548f6-8263-f1fa-f88e-0cb73de7bd56}.Debug|Any CPU.ActiveCfg = Debug|Any CPU
		{53b548f6-8263-f1fa-f88e-0cb73de7bd56}.Debug|Any CPU.Build.0 = Debug|Any CPU
		{dc5a7848-604e-1860-9d8c-443c27fecf6b}.Debug|Any CPU.ActiveCfg = Debug|Any CPU
		{dc5a7848-604e-1860-9d8c-443c27fecf6b}.Debug|Any CPU.Build.0 = Debug|Any CPU
		{5a99e0c8-719c-0ba0-e8a5-1fdb29615b48}.Debug|Any CPU.ActiveCfg = Debug|Any CPU
		{5a99e0c8-719c-0ba0-e8a5-1fdb29615b48}.Debug|Any CPU.Build.0 = Debug|Any CPU
		{56e5ab95-b18f-06cd-601b-2184b8f3ca4b}.Debug|Any CPU.ActiveCfg = Debug|Any CPU
		{56e5ab95-b18f-06cd-601b-2184b8f3ca4b}.Debug|Any CPU.Build.0 = Debug|Any CPU
		{187354e9-e6d8-e278-0e31-268ce35c9359}.Debug|Any CPU.ActiveCfg = Debug|Any CPU
		{187354e9-e6d8-e278-0e31-268ce35c9359}.Debug|Any CPU.Build.0 = Debug|Any CPU
		{0c568909-7fa4-006f-e246-6885b2f67cbc}.Debug|Any CPU.ActiveCfg = Debug|Any CPU
		{0c568909-7fa4-006f-e246-6885b2f67cbc}.Debug|Any CPU.Build.0 = Debug|Any CPU
	EndGlobalSection
	GlobalSection(SolutionProperties) = preSolution
		HideSolutionNode = FALSE
	EndGlobalSection
EndGlobal
