
Microsoft Visual Studio Solution File, Format Version 11.00
# Visual Studio 2010
Project("{FAE04EC0-301F-11D3-BF4B-00C04F79EFBC}") = "Main Menu", "Main Menu.csproj", "{337EADC7-6AC7-D356-0FF3-1697AC217D19}"
EndProject
Global
	GlobalSection(SolutionConfigurationPlatforms) = preSolution
		Debug|Any CPU = Debug|Any CPU
		Release|Any CPU = Release|Any CPU
	EndGlobalSection
	GlobalSection(ProjectConfigurationPlatforms) = postSolution
		{337EADC7-6AC7-D356-0FF3-1697AC217D19}.Debug|Any CPU.ActiveCfg = Debug|Any CPU
		{337EADC7-6AC7-D356-0FF3-1697AC217D19}.Debug|Any CPU.Build.0 = Debug|Any CPU
		{337EADC7-6AC7-D356-0FF3-1697AC217D19}.Release|Any CPU.ActiveCfg = Release|Any CPU
		{337EADC7-6AC7-D356-0FF3-1697AC217D19}.Release|Any CPU.Build.0 = Release|Any CPU
	EndGlobalSection
	GlobalSection(MonoDevelopProperties) = preSolution
		StartupItem = Main Menu.csproj
	EndGlobalSection
EndGlobal
