Microsoft Visual Studio Solution File, Format Version 11.00
# Visual Studio 2008

Project("{560B2E3B-4049-EB84-4F13-462980F1207F}") = "Nauticus Part 2 Final", "Assembly-CSharp-firstpass-vs.csproj", "{A9E36825-CF6E-1A91-82E4-E717575F4083}"
EndProject
Project("{560B2E3B-4049-EB84-4F13-462980F1207F}") = "Nauticus Part 2 Final", "Assembly-CSharp-vs.csproj", "{B4168910-1284-8D93-0922-386080E74AFF}"
EndProject
Project("{560B2E3B-4049-EB84-4F13-462980F1207F}") = "Nauticus Part 2 Final", "Assembly-CSharp-Editor-vs.csproj", "{B5885586-7191-5C31-F9AB-7DEC3B09C866}"
EndProject
Global
	GlobalSection(SolutionConfigurationPlatforms) = preSolution
		Debug|Any CPU = Debug|Any CPU
		Release|Any CPU = Release|Any CPU
	EndGlobalSection
	GlobalSection(ProjectConfigurationPlatforms) = postSolution
		{A9E36825-CF6E-1A91-82E4-E717575F4083}.Debug|Any CPU.ActiveCfg = Debug|Any CPU
		{A9E36825-CF6E-1A91-82E4-E717575F4083}.Debug|Any CPU.Build.0 = Debug|Any CPU
		{A9E36825-CF6E-1A91-82E4-E717575F4083}.Release|Any CPU.ActiveCfg = Release|Any CPU
		{A9E36825-CF6E-1A91-82E4-E717575F4083}.Release|Any CPU.Build.0 = Release|Any CPU
		{B4168910-1284-8D93-0922-386080E74AFF}.Debug|Any CPU.ActiveCfg = Debug|Any CPU
		{B4168910-1284-8D93-0922-386080E74AFF}.Debug|Any CPU.Build.0 = Debug|Any CPU
		{B4168910-1284-8D93-0922-386080E74AFF}.Release|Any CPU.ActiveCfg = Release|Any CPU
		{B4168910-1284-8D93-0922-386080E74AFF}.Release|Any CPU.Build.0 = Release|Any CPU
		{B5885586-7191-5C31-F9AB-7DEC3B09C866}.Debug|Any CPU.ActiveCfg = Debug|Any CPU
		{B5885586-7191-5C31-F9AB-7DEC3B09C866}.Debug|Any CPU.Build.0 = Debug|Any CPU
		{B5885586-7191-5C31-F9AB-7DEC3B09C866}.Release|Any CPU.ActiveCfg = Release|Any CPU
		{B5885586-7191-5C31-F9AB-7DEC3B09C866}.Release|Any CPU.Build.0 = Release|Any CPU
	EndGlobalSection
	GlobalSection(SolutionProperties) = preSolution
		HideSolutionNode = FALSE
	EndGlobalSection
											GlobalSection(MonoDevelopProperties) = preSolution
		StartupItem = Assembly-CSharp.csproj
		Policies = $0
		$0.TextStylePolicy = $1
		$1.inheritsSet = null
		$1.scope = text/x-csharp
		$0.CSharpFormattingPolicy = $2
		$2.inheritsSet = Mono
		$2.inheritsScope = text/x-csharp
		$2.scope = text/x-csharp
		$0.TextStylePolicy = $3
		$3.FileWidth = 120
		$3.TabWidth = 4
		$3.EolMarker = Unix
		$3.inheritsSet = Mono
		$3.inheritsScope = text/plain
		$3.scope = text/plain
	EndGlobalSection

EndGlobal
