Microsoft Visual Studio Solution File, Format Version 11.00
# Visual Studio 2008

Project("{41CF7D73-8617-B6B5-7707-A68AEE2AAF3F}") = "TileMap Tutorial #2", "Assembly-CSharp-vs.csproj", "{88CF2CE6-9307-0CFC-9054-CDE7281108E3}"
EndProject
Project("{41CF7D73-8617-B6B5-7707-A68AEE2AAF3F}") = "TileMap Tutorial #2", "Assembly-CSharp-Editor-vs.csproj", "{4F4D772D-85F2-0A57-9D2E-27BEF79C9A66}"
EndProject
Global
	GlobalSection(SolutionConfigurationPlatforms) = preSolution
		Debug|Any CPU = Debug|Any CPU
		Release|Any CPU = Release|Any CPU
	EndGlobalSection
	GlobalSection(ProjectConfigurationPlatforms) = postSolution
		{88CF2CE6-9307-0CFC-9054-CDE7281108E3}.Debug|Any CPU.ActiveCfg = Debug|Any CPU
		{88CF2CE6-9307-0CFC-9054-CDE7281108E3}.Debug|Any CPU.Build.0 = Debug|Any CPU
		{88CF2CE6-9307-0CFC-9054-CDE7281108E3}.Release|Any CPU.ActiveCfg = Release|Any CPU
		{88CF2CE6-9307-0CFC-9054-CDE7281108E3}.Release|Any CPU.Build.0 = Release|Any CPU
		{4F4D772D-85F2-0A57-9D2E-27BEF79C9A66}.Debug|Any CPU.ActiveCfg = Debug|Any CPU
		{4F4D772D-85F2-0A57-9D2E-27BEF79C9A66}.Debug|Any CPU.Build.0 = Debug|Any CPU
		{4F4D772D-85F2-0A57-9D2E-27BEF79C9A66}.Release|Any CPU.ActiveCfg = Release|Any CPU
		{4F4D772D-85F2-0A57-9D2E-27BEF79C9A66}.Release|Any CPU.Build.0 = Release|Any CPU
	EndGlobalSection
	GlobalSection(SolutionProperties) = preSolution
		HideSolutionNode = FALSE
	EndGlobalSection
										GlobalSection(MonoDevelopProperties) = preSolution
		StartupItem = Assembly-CSharp.csproj
		Policies = $0
		$0.TextStylePolicy = $1
		$1.inheritsSet = null
		$1.scope = text/x-csharp
		$0.CSharpFormattingPolicy = $2
		$2.inheritsSet = Mono
		$2.inheritsScope = text/x-csharp
		$2.scope = text/x-csharp
		$0.TextStylePolicy = $3
		$3.FileWidth = 120
		$3.TabWidth = 4
		$3.EolMarker = Unix
		$3.inheritsSet = Mono
		$3.inheritsScope = text/plain
		$3.scope = text/plain
	EndGlobalSection

EndGlobal
